// !$*UTF8*$!
{
	archiveVersion = 1;
	classes = {
	};
	objectVersion = 52;
	objects = {

/* Begin PBXBuildFile section */
		1EB65DA91FED29E700E1B5A9 /* AppDelegate.swift in Sources */ = {isa = PBXBuildFile; fileRef = 1EB65DA81FED29E700E1B5A9 /* AppDelegate.swift */; };
		1EB65DAB1FED29E700E1B5A9 /* ViewController.swift in Sources */ = {isa = PBXBuildFile; fileRef = 1EB65DAA1FED29E700E1B5A9 /* ViewController.swift */; };
		1EB65DB01FED29E700E1B5A9 /* Assets.xcassets in Resources */ = {isa = PBXBuildFile; fileRef = 1EB65DAF1FED29E700E1B5A9 /* Assets.xcassets */; };
		1EB65DBD1FEF97B600E1B5A9 /* Util.swift in Sources */ = {isa = PBXBuildFile; fileRef = 1EB65DBC1FEF97B600E1B5A9 /* Util.swift */; };
		1EB65DC21FEFB63400E1B5A9 /* logo@2x.png in Resources */ = {isa = PBXBuildFile; fileRef = 1EB65DBF1FEFB63400E1B5A9 /* logo@2x.png */; };
		1EB65DC31FEFB63400E1B5A9 /* offline.html in Resources */ = {isa = PBXBuildFile; fileRef = 1EB65DC01FEFB63400E1B5A9 /* offline.html */; };
		1EB65DC41FEFB63400E1B5A9 /* GoogleService-Info.plist in Resources */ = {isa = PBXBuildFile; fileRef = 1EB65DC11FEFB63400E1B5A9 /* GoogleService-Info.plist */; };
		1EB65DC61FEFB6BF00E1B5A9 /* UfoWebView.swift in Sources */ = {isa = PBXBuildFile; fileRef = 1EB65DC51FEFB6BF00E1B5A9 /* UfoWebView.swift */; };
		1EB65DCB1FF0056100E1B5A9 /* LaunchScreen.storyboard in Resources */ = {isa = PBXBuildFile; fileRef = 1EB65DC71FF0056000E1B5A9 /* LaunchScreen.storyboard */; };
		1EB65DCC1FF0056100E1B5A9 /* Main.storyboard in Resources */ = {isa = PBXBuildFile; fileRef = 1EB65DC91FF0056000E1B5A9 /* Main.storyboard */; };
		1EB65DDD1FF0075200E1B5A9 /* InfoPlist.strings in Resources */ = {isa = PBXBuildFile; fileRef = 1EB65DD41FF0075200E1B5A9 /* InfoPlist.strings */; };
		1EB65DDE1FF0075200E1B5A9 /* Localizable.strings in Resources */ = {isa = PBXBuildFile; fileRef = 1EB65DD61FF0075200E1B5A9 /* Localizable.strings */; };
		1EB65DDF1FF0075200E1B5A9 /* InfoPlist.strings in Resources */ = {isa = PBXBuildFile; fileRef = 1EB65DD91FF0075200E1B5A9 /* InfoPlist.strings */; };
		1EB65DE01FF0075200E1B5A9 /* Localizable.strings in Resources */ = {isa = PBXBuildFile; fileRef = 1EB65DDB1FF0075200E1B5A9 /* Localizable.strings */; };
		1EB65DE21FF0093D00E1B5A9 /* HttpMan.swift in Sources */ = {isa = PBXBuildFile; fileRef = 1EB65DE11FF0093D00E1B5A9 /* HttpMan.swift */; };
		1EB65DE41FF0095500E1B5A9 /* ApiMan.swift in Sources */ = {isa = PBXBuildFile; fileRef = 1EB65DE31FF0095500E1B5A9 /* ApiMan.swift */; };
		2A3BD18629C57A86006983F2 /* MBProgressHUD in Frameworks */ = {isa = PBXBuildFile; productRef = 2A3BD18529C57A86006983F2 /* MBProgressHUD */; };
		2A3BD19129C5973D006983F2 /* NVActivityIndicatorView in Frameworks */ = {isa = PBXBuildFile; productRef = 2A3BD19029C5973D006983F2 /* NVActivityIndicatorView */; };
		2A3BD19329C5973D006983F2 /* NVActivityIndicatorViewExtended in Frameworks */ = {isa = PBXBuildFile; productRef = 2A3BD19229C5973D006983F2 /* NVActivityIndicatorViewExtended */; };
		2A3BD19629C5B468006983F2 /* FacebookBasics in Frameworks */ = {isa = PBXBuildFile; productRef = 2A3BD19529C5B468006983F2 /* FacebookBasics */; };
		2A3BD19829C5B468006983F2 /* FacebookCore in Frameworks */ = {isa = PBXBuildFile; productRef = 2A3BD19729C5B468006983F2 /* FacebookCore */; };
		2A3BD19A29C5B468006983F2 /* FacebookLogin in Frameworks */ = {isa = PBXBuildFile; productRef = 2A3BD19929C5B468006983F2 /* FacebookLogin */; };
		2A3BD19C29C689B6006983F2 /* Reachability.swift in Sources */ = {isa = PBXBuildFile; fileRef = 2A3BD19B29C689B6006983F2 /* Reachability.swift */; };
		2A3BD19D29C689B6006983F2 /* Reachability.swift in Sources */ = {isa = PBXBuildFile; fileRef = 2A3BD19B29C689B6006983F2 /* Reachability.swift */; };
		2A3BD19E29C689B6006983F2 /* Reachability.swift in Sources */ = {isa = PBXBuildFile; fileRef = 2A3BD19B29C689B6006983F2 /* Reachability.swift */; };
		2A3BD1A129C68B69006983F2 /* SwiftyBeaver in Frameworks */ = {isa = PBXBuildFile; productRef = 2A3BD1A029C68B69006983F2 /* SwiftyBeaver */; };
		2A3BD1A329C76E28006983F2 /* NotificationName.swift in Sources */ = {isa = PBXBuildFile; fileRef = 2A3BD1A229C76E28006983F2 /* NotificationName.swift */; };
		2A3BD1A429C76E28006983F2 /* NotificationName.swift in Sources */ = {isa = PBXBuildFile; fileRef = 2A3BD1A229C76E28006983F2 /* NotificationName.swift */; };
		2A3BD1A529C76E28006983F2 /* NotificationName.swift in Sources */ = {isa = PBXBuildFile; fileRef = 2A3BD1A229C76E28006983F2 /* NotificationName.swift */; };
		2A3BD1A829C77141006983F2 /* SimulatorStatusMagic in Frameworks */ = {isa = PBXBuildFile; productRef = 2A3BD1A729C77141006983F2 /* SimulatorStatusMagic */; };
		2A3BD1AB29C77475006983F2 /* Natrium in Frameworks */ = {isa = PBXBuildFile; productRef = 2A3BD1AA29C77475006983F2 /* Natrium */; };
		2A3BD1AD29C77504006983F2 /* Natrium.swift in Sources */ = {isa = PBXBuildFile; fileRef = 2A3BD1AC29C77504006983F2 /* Natrium.swift */; };
		2A3BD1AE29C77504006983F2 /* Natrium.swift in Sources */ = {isa = PBXBuildFile; fileRef = 2A3BD1AC29C77504006983F2 /* Natrium.swift */; };
		2A3BD1AF29C77504006983F2 /* Natrium.swift in Sources */ = {isa = PBXBuildFile; fileRef = 2A3BD1AC29C77504006983F2 /* Natrium.swift */; };
		2A54158529C578F10019DB8B /* Regex in Frameworks */ = {isa = PBXBuildFile; productRef = 2A54158429C578F10019DB8B /* Regex */; };
		2AE913AD29C778EE00A48377 /* FirebaseCrashlytics in Frameworks */ = {isa = PBXBuildFile; productRef = 2AE913AC29C778EE00A48377 /* FirebaseCrashlytics */; };
		2AE913AF29C778EE00A48377 /* FirebaseMessaging in Frameworks */ = {isa = PBXBuildFile; productRef = 2AE913AE29C778EE00A48377 /* FirebaseMessaging */; };
		2AE913B229C779D400A48377 /* GoogleSignIn in Frameworks */ = {isa = PBXBuildFile; productRef = 2AE913B129C779D400A48377 /* GoogleSignIn */; };
		9805A1EB2026CE6E0011DE88 /* HttpMan.swift in Sources */ = {isa = PBXBuildFile; fileRef = 1EB65DE11FF0093D00E1B5A9 /* HttpMan.swift */; };
		9805A1EC2026CE6E0011DE88 /* UfoWebView.swift in Sources */ = {isa = PBXBuildFile; fileRef = 1EB65DC51FEFB6BF00E1B5A9 /* UfoWebView.swift */; };
		9805A1ED2026CE6E0011DE88 /* ApiMan.swift in Sources */ = {isa = PBXBuildFile; fileRef = 1EB65DE31FF0095500E1B5A9 /* ApiMan.swift */; };
		9805A1EE2026CE6E0011DE88 /* ViewController.swift in Sources */ = {isa = PBXBuildFile; fileRef = 1EB65DAA1FED29E700E1B5A9 /* ViewController.swift */; };
		9805A1EF2026CE6E0011DE88 /* AppDelegate.swift in Sources */ = {isa = PBXBuildFile; fileRef = 1EB65DA81FED29E700E1B5A9 /* AppDelegate.swift */; };
		9805A1F02026CE6E0011DE88 /* Util.swift in Sources */ = {isa = PBXBuildFile; fileRef = 1EB65DBC1FEF97B600E1B5A9 /* Util.swift */; };
		9805A1F42026CE6E0011DE88 /* logo@2x.png in Resources */ = {isa = PBXBuildFile; fileRef = 1EB65DBF1FEFB63400E1B5A9 /* logo@2x.png */; };
		9805A1F52026CE6E0011DE88 /* InfoPlist.strings in Resources */ = {isa = PBXBuildFile; fileRef = 1EB65DD41FF0075200E1B5A9 /* InfoPlist.strings */; };
		9805A1F62026CE6E0011DE88 /* Assets.xcassets in Resources */ = {isa = PBXBuildFile; fileRef = 1EB65DAF1FED29E700E1B5A9 /* Assets.xcassets */; };
		9805A1F72026CE6E0011DE88 /* offline.html in Resources */ = {isa = PBXBuildFile; fileRef = 1EB65DC01FEFB63400E1B5A9 /* offline.html */; };
		9805A1F82026CE6E0011DE88 /* Main.storyboard in Resources */ = {isa = PBXBuildFile; fileRef = 1EB65DC91FF0056000E1B5A9 /* Main.storyboard */; };
		9805A1F92026CE6E0011DE88 /* Localizable.strings in Resources */ = {isa = PBXBuildFile; fileRef = 1EB65DDB1FF0075200E1B5A9 /* Localizable.strings */; };
		9805A1FA2026CE6E0011DE88 /* Localizable.strings in Resources */ = {isa = PBXBuildFile; fileRef = 1EB65DD61FF0075200E1B5A9 /* Localizable.strings */; };
		9805A1FB2026CE6E0011DE88 /* LaunchScreen.storyboard in Resources */ = {isa = PBXBuildFile; fileRef = 1EB65DC71FF0056000E1B5A9 /* LaunchScreen.storyboard */; };
		9805A1FC2026CE6E0011DE88 /* InfoPlist.strings in Resources */ = {isa = PBXBuildFile; fileRef = 1EB65DD91FF0075200E1B5A9 /* InfoPlist.strings */; };
		9805A1FD2026CE6E0011DE88 /* GoogleService-Info.plist in Resources */ = {isa = PBXBuildFile; fileRef = 1EB65DC11FEFB63400E1B5A9 /* GoogleService-Info.plist */; };
		98BA529620A5348B0034327E /* CopyUrlToClipboard.swift in Sources */ = {isa = PBXBuildFile; fileRef = 98BA529520A5348B0034327E /* CopyUrlToClipboard.swift */; };
		98BA529720A5348B0034327E /* CopyUrlToClipboard.swift in Sources */ = {isa = PBXBuildFile; fileRef = 98BA529520A5348B0034327E /* CopyUrlToClipboard.swift */; };
		98BA529820A5348B0034327E /* CopyUrlToClipboard.swift in Sources */ = {isa = PBXBuildFile; fileRef = 98BA529520A5348B0034327E /* CopyUrlToClipboard.swift */; };
		98EC62782033DAE900A8BB4F /* PartiApp_UITests.swift in Sources */ = {isa = PBXBuildFile; fileRef = 98EC62772033DAE900A8BB4F /* PartiApp_UITests.swift */; };
		98EC62832033DFB200A8BB4F /* SnapshotHelper.swift in Sources */ = {isa = PBXBuildFile; fileRef = 98EC62822033DFB200A8BB4F /* SnapshotHelper.swift */; };
/* End PBXBuildFile section */

/* Begin PBXContainerItemProxy section */
		98EC627A2033DAE900A8BB4F /* PBXContainerItemProxy */ = {
			isa = PBXContainerItemProxy;
			containerPortal = 1EB65D9D1FED29E600E1B5A9 /* Project object */;
			proxyType = 1;
			remoteGlobalIDString = 9805A1E82026CE6E0011DE88;
			remoteInfo = "PartiApp Release";
		};
/* End PBXContainerItemProxy section */

/* Begin PBXFileReference section */
		1E13EAD8200B88B90063BF38 /* Bridge.h */ = {isa = PBXFileReference; lastKnownFileType = sourcecode.c.h; path = Bridge.h; sourceTree = "<group>"; };
		1E24C48F200CCBE9004D0B4A /* PartiApp.entitlements */ = {isa = PBXFileReference; lastKnownFileType = text.plist.entitlements; path = PartiApp.entitlements; sourceTree = "<group>"; };
		1EB65DA51FED29E700E1B5A9 /* PartiApp Debug.app */ = {isa = PBXFileReference; explicitFileType = wrapper.application; includeInIndex = 0; path = "PartiApp Debug.app"; sourceTree = BUILT_PRODUCTS_DIR; };
		1EB65DA81FED29E700E1B5A9 /* AppDelegate.swift */ = {isa = PBXFileReference; lastKnownFileType = sourcecode.swift; path = AppDelegate.swift; sourceTree = "<group>"; };
		1EB65DAA1FED29E700E1B5A9 /* ViewController.swift */ = {isa = PBXFileReference; lastKnownFileType = sourcecode.swift; path = ViewController.swift; sourceTree = "<group>"; };
		1EB65DAF1FED29E700E1B5A9 /* Assets.xcassets */ = {isa = PBXFileReference; lastKnownFileType = folder.assetcatalog; path = Assets.xcassets; sourceTree = "<group>"; };
		1EB65DBC1FEF97B600E1B5A9 /* Util.swift */ = {isa = PBXFileReference; lastKnownFileType = sourcecode.swift; path = Util.swift; sourceTree = "<group>"; };
		1EB65DBF1FEFB63400E1B5A9 /* logo@2x.png */ = {isa = PBXFileReference; lastKnownFileType = image.png; path = "logo@2x.png"; sourceTree = "<group>"; };
		1EB65DC01FEFB63400E1B5A9 /* offline.html */ = {isa = PBXFileReference; fileEncoding = 4; lastKnownFileType = text.html; path = offline.html; sourceTree = "<group>"; };
		1EB65DC11FEFB63400E1B5A9 /* GoogleService-Info.plist */ = {isa = PBXFileReference; fileEncoding = 4; lastKnownFileType = text.plist.xml; path = "GoogleService-Info.plist"; sourceTree = "<group>"; };
		1EB65DC51FEFB6BF00E1B5A9 /* UfoWebView.swift */ = {isa = PBXFileReference; lastKnownFileType = sourcecode.swift; path = UfoWebView.swift; sourceTree = "<group>"; };
		1EB65DC81FF0056000E1B5A9 /* Base */ = {isa = PBXFileReference; lastKnownFileType = file.storyboard; name = Base; path = Base.lproj/LaunchScreen.storyboard; sourceTree = "<group>"; };
		1EB65DCA1FF0056000E1B5A9 /* Base */ = {isa = PBXFileReference; lastKnownFileType = file.storyboard; name = Base; path = Base.lproj/Main.storyboard; sourceTree = "<group>"; };
		1EB65DD51FF0075200E1B5A9 /* en */ = {isa = PBXFileReference; lastKnownFileType = text.plist.strings; name = en; path = InfoPlist.strings; sourceTree = "<group>"; };
		1EB65DD71FF0075200E1B5A9 /* en */ = {isa = PBXFileReference; lastKnownFileType = text.plist.strings; name = en; path = Localizable.strings; sourceTree = "<group>"; };
		1EB65DDA1FF0075200E1B5A9 /* ko */ = {isa = PBXFileReference; lastKnownFileType = text.plist.strings; name = ko; path = InfoPlist.strings; sourceTree = "<group>"; };
		1EB65DDC1FF0075200E1B5A9 /* ko */ = {isa = PBXFileReference; lastKnownFileType = text.plist.strings; name = ko; path = Localizable.strings; sourceTree = "<group>"; };
		1EB65DE11FF0093D00E1B5A9 /* HttpMan.swift */ = {isa = PBXFileReference; lastKnownFileType = sourcecode.swift; path = HttpMan.swift; sourceTree = "<group>"; };
		1EB65DE31FF0095500E1B5A9 /* ApiMan.swift */ = {isa = PBXFileReference; lastKnownFileType = sourcecode.swift; path = ApiMan.swift; sourceTree = "<group>"; };
		2A3BD19B29C689B6006983F2 /* Reachability.swift */ = {isa = PBXFileReference; lastKnownFileType = sourcecode.swift; path = Reachability.swift; sourceTree = "<group>"; };
		2A3BD1A229C76E28006983F2 /* NotificationName.swift */ = {isa = PBXFileReference; lastKnownFileType = sourcecode.swift; path = NotificationName.swift; sourceTree = "<group>"; };
		2A3BD1AC29C77504006983F2 /* Natrium.swift */ = {isa = PBXFileReference; fileEncoding = 4; lastKnownFileType = sourcecode.swift; name = Natrium.swift; path = .natrium/Natrium.swift; sourceTree = SOURCE_ROOT; };
		2A3BD1B029C7751A006983F2 /* ProjectEnvironment.release.xcconfig */ = {isa = PBXFileReference; lastKnownFileType = text.xcconfig; name = ProjectEnvironment.release.xcconfig; path = .natrium/ProjectEnvironment.release.xcconfig; sourceTree = SOURCE_ROOT; };
		2A3BD1B129C7751A006983F2 /* ProjectEnvironment.debug.xcconfig */ = {isa = PBXFileReference; lastKnownFileType = text.xcconfig; name = ProjectEnvironment.debug.xcconfig; path = .natrium/ProjectEnvironment.debug.xcconfig; sourceTree = SOURCE_ROOT; };
		9805A2042026CE6F0011DE88 /* Parti.app */ = {isa = PBXFileReference; explicitFileType = wrapper.application; includeInIndex = 0; path = Parti.app; sourceTree = BUILT_PRODUCTS_DIR; };
		98BA529520A5348B0034327E /* CopyUrlToClipboard.swift */ = {isa = PBXFileReference; lastKnownFileType = sourcecode.swift; path = CopyUrlToClipboard.swift; sourceTree = "<group>"; };
		98EC62752033DAE900A8BB4F /* PartiApp UITests.xctest */ = {isa = PBXFileReference; explicitFileType = wrapper.cfbundle; includeInIndex = 0; path = "PartiApp UITests.xctest"; sourceTree = BUILT_PRODUCTS_DIR; };
		98EC62772033DAE900A8BB4F /* PartiApp_UITests.swift */ = {isa = PBXFileReference; lastKnownFileType = sourcecode.swift; path = PartiApp_UITests.swift; sourceTree = "<group>"; };
		98EC62792033DAE900A8BB4F /* Info.plist */ = {isa = PBXFileReference; lastKnownFileType = text.plist.xml; path = Info.plist; sourceTree = "<group>"; };
		98EC62822033DFB200A8BB4F /* SnapshotHelper.swift */ = {isa = PBXFileReference; fileEncoding = 4; lastKnownFileType = sourcecode.swift; path = SnapshotHelper.swift; sourceTree = "<group>"; };
		98EC95CC26186EA100E81B4D /* Info.plist */ = {isa = PBXFileReference; fileEncoding = 4; lastKnownFileType = text.plist.xml; path = Info.plist; sourceTree = "<group>"; };
/* End PBXFileReference section */

/* Begin PBXFrameworksBuildPhase section */
		1EB65DA21FED29E600E1B5A9 /* Frameworks */ = {
			isa = PBXFrameworksBuildPhase;
			buildActionMask = 2147483647;
			files = (
				2AE913AF29C778EE00A48377 /* FirebaseMessaging in Frameworks */,
				2A3BD19629C5B468006983F2 /* FacebookBasics in Frameworks */,
				2A3BD19829C5B468006983F2 /* FacebookCore in Frameworks */,
				2AE913B229C779D400A48377 /* GoogleSignIn in Frameworks */,
				2A3BD19329C5973D006983F2 /* NVActivityIndicatorViewExtended in Frameworks */,
				2A3BD18629C57A86006983F2 /* MBProgressHUD in Frameworks */,
				2A3BD1AB29C77475006983F2 /* Natrium in Frameworks */,
				2AE913AD29C778EE00A48377 /* FirebaseCrashlytics in Frameworks */,
				2A3BD19A29C5B468006983F2 /* FacebookLogin in Frameworks */,
				2A3BD19129C5973D006983F2 /* NVActivityIndicatorView in Frameworks */,
				2A3BD1A129C68B69006983F2 /* SwiftyBeaver in Frameworks */,
				2A54158529C578F10019DB8B /* Regex in Frameworks */,
				2A3BD1A829C77141006983F2 /* SimulatorStatusMagic in Frameworks */,
			);
			runOnlyForDeploymentPostprocessing = 0;
		};
		9805A1F12026CE6E0011DE88 /* Frameworks */ = {
			isa = PBXFrameworksBuildPhase;
			buildActionMask = 2147483647;
			files = (
			);
			runOnlyForDeploymentPostprocessing = 0;
		};
		98EC62722033DAE900A8BB4F /* Frameworks */ = {
			isa = PBXFrameworksBuildPhase;
			buildActionMask = 2147483647;
			files = (
			);
			runOnlyForDeploymentPostprocessing = 0;
		};
/* End PBXFrameworksBuildPhase section */

/* Begin PBXGroup section */
		1EB65D9C1FED29E600E1B5A9 = {
			isa = PBXGroup;
			children = (
				1EB65DA71FED29E700E1B5A9 /* PartiApp */,
				98EC62762033DAE900A8BB4F /* PartiApp UITests */,
				1EB65DA61FED29E700E1B5A9 /* Products */,
			);
			sourceTree = "<group>";
		};
		1EB65DA61FED29E700E1B5A9 /* Products */ = {
			isa = PBXGroup;
			children = (
				1EB65DA51FED29E700E1B5A9 /* PartiApp Debug.app */,
				9805A2042026CE6F0011DE88 /* Parti.app */,
				98EC62752033DAE900A8BB4F /* PartiApp UITests.xctest */,
			);
			name = Products;
			sourceTree = "<group>";
		};
		1EB65DA71FED29E700E1B5A9 /* PartiApp */ = {
			isa = PBXGroup;
			children = (
				2A3BD1B129C7751A006983F2 /* ProjectEnvironment.debug.xcconfig */,
				2A3BD1B029C7751A006983F2 /* ProjectEnvironment.release.xcconfig */,
				2A3BD1AC29C77504006983F2 /* Natrium.swift */,
				98EC62822033DFB200A8BB4F /* SnapshotHelper.swift */,
				1E24C48F200CCBE9004D0B4A /* PartiApp.entitlements */,
				1EB65DD31FF0075200E1B5A9 /* en.lproj */,
				1EB65DD81FF0075200E1B5A9 /* ko.lproj */,
				1EB65DC71FF0056000E1B5A9 /* LaunchScreen.storyboard */,
				1EB65DC91FF0056000E1B5A9 /* Main.storyboard */,
				98EC95CC26186EA100E81B4D /* Info.plist */,
				1EB65DC11FEFB63400E1B5A9 /* GoogleService-Info.plist */,
				1EB65DAF1FED29E700E1B5A9 /* Assets.xcassets */,
				1EB65DBE1FEFB63400E1B5A9 /* res */,
				1EB65DBC1FEF97B600E1B5A9 /* Util.swift */,
				1E13EAD8200B88B90063BF38 /* Bridge.h */,
				1EB65DE11FF0093D00E1B5A9 /* HttpMan.swift */,
				1EB65DE31FF0095500E1B5A9 /* ApiMan.swift */,
				1EB65DC51FEFB6BF00E1B5A9 /* UfoWebView.swift */,
				1EB65DAA1FED29E700E1B5A9 /* ViewController.swift */,
				1EB65DA81FED29E700E1B5A9 /* AppDelegate.swift */,
				98BA529520A5348B0034327E /* CopyUrlToClipboard.swift */,
				2A3BD19B29C689B6006983F2 /* Reachability.swift */,
				2A3BD1A229C76E28006983F2 /* NotificationName.swift */,
			);
			path = PartiApp;
			sourceTree = "<group>";
		};
		1EB65DBE1FEFB63400E1B5A9 /* res */ = {
			isa = PBXGroup;
			children = (
				1EB65DBF1FEFB63400E1B5A9 /* logo@2x.png */,
				1EB65DC01FEFB63400E1B5A9 /* offline.html */,
			);
			path = res;
			sourceTree = "<group>";
		};
		1EB65DD31FF0075200E1B5A9 /* en.lproj */ = {
			isa = PBXGroup;
			children = (
				1EB65DD41FF0075200E1B5A9 /* InfoPlist.strings */,
				1EB65DD61FF0075200E1B5A9 /* Localizable.strings */,
			);
			path = en.lproj;
			sourceTree = "<group>";
		};
		1EB65DD81FF0075200E1B5A9 /* ko.lproj */ = {
			isa = PBXGroup;
			children = (
				1EB65DD91FF0075200E1B5A9 /* InfoPlist.strings */,
				1EB65DDB1FF0075200E1B5A9 /* Localizable.strings */,
			);
			path = ko.lproj;
			sourceTree = "<group>";
		};
		98EC62762033DAE900A8BB4F /* PartiApp UITests */ = {
			isa = PBXGroup;
			children = (
				98EC62772033DAE900A8BB4F /* PartiApp_UITests.swift */,
				98EC62792033DAE900A8BB4F /* Info.plist */,
			);
			path = "PartiApp UITests";
			sourceTree = "<group>";
		};
/* End PBXGroup section */

/* Begin PBXNativeTarget section */
		1EB65DA41FED29E600E1B5A9 /* PartiApp Debug */ = {
			isa = PBXNativeTarget;
			buildConfigurationList = 1EB65DB71FED29E700E1B5A9 /* Build configuration list for PBXNativeTarget "PartiApp Debug" */;
			buildPhases = (
				1EB65DA11FED29E600E1B5A9 /* Sources */,
				1EB65DA21FED29E600E1B5A9 /* Frameworks */,
				1EB65DA31FED29E600E1B5A9 /* Resources */,
				1E13EAD7200B30670063BF38 /* ShellScript */,
			);
			buildRules = (
			);
			dependencies = (
			);
			name = "PartiApp Debug";
			packageProductDependencies = (
				2A54158429C578F10019DB8B /* Regex */,
				2A3BD18529C57A86006983F2 /* MBProgressHUD */,
				2A3BD19029C5973D006983F2 /* NVActivityIndicatorView */,
				2A3BD19229C5973D006983F2 /* NVActivityIndicatorViewExtended */,
				2A3BD19529C5B468006983F2 /* FacebookBasics */,
				2A3BD19729C5B468006983F2 /* FacebookCore */,
				2A3BD19929C5B468006983F2 /* FacebookLogin */,
				2A3BD1A029C68B69006983F2 /* SwiftyBeaver */,
				2A3BD1A729C77141006983F2 /* SimulatorStatusMagic */,
				2A3BD1AA29C77475006983F2 /* Natrium */,
				2AE913AC29C778EE00A48377 /* FirebaseCrashlytics */,
				2AE913AE29C778EE00A48377 /* FirebaseMessaging */,
				2AE913B129C779D400A48377 /* GoogleSignIn */,
			);
			productName = PartiApp;
			productReference = 1EB65DA51FED29E700E1B5A9 /* PartiApp Debug.app */;
			productType = "com.apple.product-type.application";
		};
		9805A1E82026CE6E0011DE88 /* PartiApp Release */ = {
			isa = PBXNativeTarget;
			buildConfigurationList = 9805A2012026CE6E0011DE88 /* Build configuration list for PBXNativeTarget "PartiApp Release" */;
			buildPhases = (
				9805A1EA2026CE6E0011DE88 /* Sources */,
				9805A1F12026CE6E0011DE88 /* Frameworks */,
				9805A1F32026CE6E0011DE88 /* Resources */,
				9805A2002026CE6E0011DE88 /* ShellScript */,
			);
			buildRules = (
			);
			dependencies = (
			);
			name = "PartiApp Release";
			productName = PartiApp;
			productReference = 9805A2042026CE6F0011DE88 /* Parti.app */;
			productType = "com.apple.product-type.application";
		};
		98EC62742033DAE900A8BB4F /* PartiApp UITests */ = {
			isa = PBXNativeTarget;
			buildConfigurationList = 98EC627E2033DAE900A8BB4F /* Build configuration list for PBXNativeTarget "PartiApp UITests" */;
			buildPhases = (
				98EC62712033DAE900A8BB4F /* Sources */,
				98EC62722033DAE900A8BB4F /* Frameworks */,
				98EC62732033DAE900A8BB4F /* Resources */,
			);
			buildRules = (
			);
			dependencies = (
				98EC627B2033DAE900A8BB4F /* PBXTargetDependency */,
			);
			name = "PartiApp UITests";
			productName = "PartiApp ReleaseUITests";
			productReference = 98EC62752033DAE900A8BB4F /* PartiApp UITests.xctest */;
			productType = "com.apple.product-type.bundle.ui-testing";
		};
/* End PBXNativeTarget section */

/* Begin PBXProject section */
		1EB65D9D1FED29E600E1B5A9 /* Project object */ = {
			isa = PBXProject;
			attributes = {
				LastSwiftUpdateCheck = 0920;
				LastUpgradeCheck = 1420;
				ORGANIZATIONNAME = Slowalk;
				TargetAttributes = {
					1EB65DA41FED29E600E1B5A9 = {
						CreatedOnToolsVersion = 9.1;
						ProvisioningStyle = Automatic;
						SystemCapabilities = {
							com.apple.BackgroundModes = {
								enabled = 0;
							};
							com.apple.Push = {
								enabled = 1;
							};
							com.apple.SafariKeychain = {
								enabled = 1;
							};
						};
					};
					9805A1E82026CE6E0011DE88 = {
						ProvisioningStyle = Automatic;
						SystemCapabilities = {
							com.apple.BackgroundModes = {
								enabled = 0;
							};
							com.apple.SafariKeychain = {
								enabled = 1;
							};
						};
					};
					98EC62742033DAE900A8BB4F = {
						CreatedOnToolsVersion = 9.2;
						ProvisioningStyle = Automatic;
						TestTargetID = 9805A1E82026CE6E0011DE88;
					};
				};
			};
			buildConfigurationList = 1EB65DA01FED29E600E1B5A9 /* Build configuration list for PBXProject "PartiApp" */;
			compatibilityVersion = "Xcode 8.0";
			developmentRegion = en;
			hasScannedForEncodings = 0;
			knownRegions = (
				Base,
				en,
				ko,
			);
			mainGroup = 1EB65D9C1FED29E600E1B5A9;
			packageReferences = (
				2A54158329C578F10019DB8B /* XCRemoteSwiftPackageReference "Regex" */,
				2A3BD18429C57A86006983F2 /* XCRemoteSwiftPackageReference "MBProgressHUD" */,
				2A3BD18F29C5973D006983F2 /* XCRemoteSwiftPackageReference "NVActivityIndicatorView" */,
				2A3BD19429C5B468006983F2 /* XCRemoteSwiftPackageReference "facebook-ios-sdk" */,
				2A3BD19F29C68B69006983F2 /* XCRemoteSwiftPackageReference "SwiftyBeaver" */,
				2A3BD1A629C77141006983F2 /* XCRemoteSwiftPackageReference "SimulatorStatusMagic" */,
				2A3BD1A929C77475006983F2 /* XCRemoteSwiftPackageReference "Natrium" */,
				2AE913AB29C778EE00A48377 /* XCRemoteSwiftPackageReference "firebase-ios-sdk" */,
				2AE913B029C779D400A48377 /* XCRemoteSwiftPackageReference "GoogleSignIn-iOS" */,
			);
			productRefGroup = 1EB65DA61FED29E700E1B5A9 /* Products */;
			projectDirPath = "";
			projectRoot = "";
			targets = (
				1EB65DA41FED29E600E1B5A9 /* PartiApp Debug */,
				9805A1E82026CE6E0011DE88 /* PartiApp Release */,
				98EC62742033DAE900A8BB4F /* PartiApp UITests */,
			);
		};
/* End PBXProject section */

/* Begin PBXResourcesBuildPhase section */
		1EB65DA31FED29E600E1B5A9 /* Resources */ = {
			isa = PBXResourcesBuildPhase;
			buildActionMask = 2147483647;
			files = (
				1EB65DC21FEFB63400E1B5A9 /* logo@2x.png in Resources */,
				1EB65DDD1FF0075200E1B5A9 /* InfoPlist.strings in Resources */,
				1EB65DB01FED29E700E1B5A9 /* Assets.xcassets in Resources */,
				1EB65DC31FEFB63400E1B5A9 /* offline.html in Resources */,
				1EB65DCC1FF0056100E1B5A9 /* Main.storyboard in Resources */,
				1EB65DE01FF0075200E1B5A9 /* Localizable.strings in Resources */,
				1EB65DDE1FF0075200E1B5A9 /* Localizable.strings in Resources */,
				1EB65DCB1FF0056100E1B5A9 /* LaunchScreen.storyboard in Resources */,
				1EB65DDF1FF0075200E1B5A9 /* InfoPlist.strings in Resources */,
				1EB65DC41FEFB63400E1B5A9 /* GoogleService-Info.plist in Resources */,
			);
			runOnlyForDeploymentPostprocessing = 0;
		};
		9805A1F32026CE6E0011DE88 /* Resources */ = {
			isa = PBXResourcesBuildPhase;
			buildActionMask = 2147483647;
			files = (
				9805A1F42026CE6E0011DE88 /* logo@2x.png in Resources */,
				9805A1F52026CE6E0011DE88 /* InfoPlist.strings in Resources */,
				9805A1F62026CE6E0011DE88 /* Assets.xcassets in Resources */,
				9805A1F72026CE6E0011DE88 /* offline.html in Resources */,
				9805A1F82026CE6E0011DE88 /* Main.storyboard in Resources */,
				9805A1F92026CE6E0011DE88 /* Localizable.strings in Resources */,
				9805A1FA2026CE6E0011DE88 /* Localizable.strings in Resources */,
				9805A1FB2026CE6E0011DE88 /* LaunchScreen.storyboard in Resources */,
				9805A1FC2026CE6E0011DE88 /* InfoPlist.strings in Resources */,
				9805A1FD2026CE6E0011DE88 /* GoogleService-Info.plist in Resources */,
			);
			runOnlyForDeploymentPostprocessing = 0;
		};
		98EC62732033DAE900A8BB4F /* Resources */ = {
			isa = PBXResourcesBuildPhase;
			buildActionMask = 2147483647;
			files = (
			);
			runOnlyForDeploymentPostprocessing = 0;
		};
/* End PBXResourcesBuildPhase section */

/* Begin PBXSourcesBuildPhase section */
		1EB65DA11FED29E600E1B5A9 /* Sources */ = {
			isa = PBXSourcesBuildPhase;
			buildActionMask = 2147483647;
			files = (
				1EB65DE21FF0093D00E1B5A9 /* HttpMan.swift in Sources */,
				1EB65DC61FEFB6BF00E1B5A9 /* UfoWebView.swift in Sources */,
				2A3BD1A329C76E28006983F2 /* NotificationName.swift in Sources */,
				1EB65DE41FF0095500E1B5A9 /* ApiMan.swift in Sources */,
				1EB65DAB1FED29E700E1B5A9 /* ViewController.swift in Sources */,
				2A3BD19C29C689B6006983F2 /* Reachability.swift in Sources */,
				1EB65DA91FED29E700E1B5A9 /* AppDelegate.swift in Sources */,
				98BA529620A5348B0034327E /* CopyUrlToClipboard.swift in Sources */,
				2A3BD1AD29C77504006983F2 /* Natrium.swift in Sources */,
				1EB65DBD1FEF97B600E1B5A9 /* Util.swift in Sources */,
			);
			runOnlyForDeploymentPostprocessing = 0;
		};
		9805A1EA2026CE6E0011DE88 /* Sources */ = {
			isa = PBXSourcesBuildPhase;
			buildActionMask = 2147483647;
			files = (
				9805A1EB2026CE6E0011DE88 /* HttpMan.swift in Sources */,
				9805A1EC2026CE6E0011DE88 /* UfoWebView.swift in Sources */,
				2A3BD1A429C76E28006983F2 /* NotificationName.swift in Sources */,
				9805A1ED2026CE6E0011DE88 /* ApiMan.swift in Sources */,
				9805A1EE2026CE6E0011DE88 /* ViewController.swift in Sources */,
				2A3BD19D29C689B6006983F2 /* Reachability.swift in Sources */,
				9805A1EF2026CE6E0011DE88 /* AppDelegate.swift in Sources */,
				98BA529720A5348B0034327E /* CopyUrlToClipboard.swift in Sources */,
				2A3BD1AE29C77504006983F2 /* Natrium.swift in Sources */,
				9805A1F02026CE6E0011DE88 /* Util.swift in Sources */,
			);
			runOnlyForDeploymentPostprocessing = 0;
		};
		98EC62712033DAE900A8BB4F /* Sources */ = {
			isa = PBXSourcesBuildPhase;
			buildActionMask = 2147483647;
			files = (
				2A3BD1A529C76E28006983F2 /* NotificationName.swift in Sources */,
				98EC62782033DAE900A8BB4F /* PartiApp_UITests.swift in Sources */,
				2A3BD1AF29C77504006983F2 /* Natrium.swift in Sources */,
				98BA529820A5348B0034327E /* CopyUrlToClipboard.swift in Sources */,
				2A3BD19E29C689B6006983F2 /* Reachability.swift in Sources */,
				98EC62832033DFB200A8BB4F /* SnapshotHelper.swift in Sources */,
			);
			runOnlyForDeploymentPostprocessing = 0;
		};
/* End PBXSourcesBuildPhase section */

/* Begin PBXTargetDependency section */
		98EC627B2033DAE900A8BB4F /* PBXTargetDependency */ = {
			isa = PBXTargetDependency;
			target = 9805A1E82026CE6E0011DE88 /* PartiApp Release */;
			targetProxy = 98EC627A2033DAE900A8BB4F /* PBXContainerItemProxy */;
		};
/* End PBXTargetDependency section */

/* Begin PBXVariantGroup section */
		1EB65DC71FF0056000E1B5A9 /* LaunchScreen.storyboard */ = {
			isa = PBXVariantGroup;
			children = (
				1EB65DC81FF0056000E1B5A9 /* Base */,
			);
			name = LaunchScreen.storyboard;
			sourceTree = "<group>";
		};
		1EB65DC91FF0056000E1B5A9 /* Main.storyboard */ = {
			isa = PBXVariantGroup;
			children = (
				1EB65DCA1FF0056000E1B5A9 /* Base */,
			);
			name = Main.storyboard;
			sourceTree = "<group>";
		};
		1EB65DD41FF0075200E1B5A9 /* InfoPlist.strings */ = {
			isa = PBXVariantGroup;
			children = (
				1EB65DD51FF0075200E1B5A9 /* en */,
			);
			name = InfoPlist.strings;
			sourceTree = "<group>";
		};
		1EB65DD61FF0075200E1B5A9 /* Localizable.strings */ = {
			isa = PBXVariantGroup;
			children = (
				1EB65DD71FF0075200E1B5A9 /* en */,
			);
			name = Localizable.strings;
			sourceTree = "<group>";
		};
		1EB65DD91FF0075200E1B5A9 /* InfoPlist.strings */ = {
			isa = PBXVariantGroup;
			children = (
				1EB65DDA1FF0075200E1B5A9 /* ko */,
			);
			name = InfoPlist.strings;
			sourceTree = "<group>";
		};
		1EB65DDB1FF0075200E1B5A9 /* Localizable.strings */ = {
			isa = PBXVariantGroup;
			children = (
				1EB65DDC1FF0075200E1B5A9 /* ko */,
			);
			name = Localizable.strings;
			sourceTree = "<group>";
		};
/* End PBXVariantGroup section */

/* Begin XCBuildConfiguration section */
		1EB65DB51FED29E700E1B5A9 /* Debug */ = {
			isa = XCBuildConfiguration;
			buildSettings = {
				ALWAYS_SEARCH_USER_PATHS = NO;
				CLANG_ANALYZER_LOCALIZABILITY_NONLOCALIZED = YES;
				CLANG_ANALYZER_NONNULL = YES;
				CLANG_ANALYZER_NUMBER_OBJECT_CONVERSION = YES_AGGRESSIVE;
				CLANG_CXX_LANGUAGE_STANDARD = "gnu++14";
				CLANG_CXX_LIBRARY = "libc++";
				CLANG_ENABLE_MODULES = YES;
				CLANG_ENABLE_OBJC_ARC = YES;
				CLANG_WARN_BLOCK_CAPTURE_AUTORELEASING = YES;
				CLANG_WARN_BOOL_CONVERSION = YES;
				CLANG_WARN_COMMA = YES;
				CLANG_WARN_CONSTANT_CONVERSION = YES;
				CLANG_WARN_DEPRECATED_OBJC_IMPLEMENTATIONS = YES;
				CLANG_WARN_DIRECT_OBJC_ISA_USAGE = YES_ERROR;
				CLANG_WARN_DOCUMENTATION_COMMENTS = YES;
				CLANG_WARN_EMPTY_BODY = YES;
				CLANG_WARN_ENUM_CONVERSION = YES;
				CLANG_WARN_INFINITE_RECURSION = YES;
				CLANG_WARN_INT_CONVERSION = YES;
				CLANG_WARN_NON_LITERAL_NULL_CONVERSION = YES;
				CLANG_WARN_OBJC_IMPLICIT_RETAIN_SELF = YES;
				CLANG_WARN_OBJC_LITERAL_CONVERSION = YES;
				CLANG_WARN_OBJC_ROOT_CLASS = YES_ERROR;
				CLANG_WARN_QUOTED_INCLUDE_IN_FRAMEWORK_HEADER = YES;
				CLANG_WARN_RANGE_LOOP_ANALYSIS = YES;
				CLANG_WARN_STRICT_PROTOTYPES = YES;
				CLANG_WARN_SUSPICIOUS_MOVE = YES;
				CLANG_WARN_UNGUARDED_AVAILABILITY = YES_AGGRESSIVE;
				CLANG_WARN_UNREACHABLE_CODE = YES;
				CLANG_WARN__DUPLICATE_METHOD_MATCH = YES;
				CODE_SIGN_IDENTITY = "iPhone Developer";
				COPY_PHASE_STRIP = NO;
				DEBUG_INFORMATION_FORMAT = "dwarf-with-dsym";
				DEVELOPMENT_TEAM = 5MS33RVRLW;
				ENABLE_STRICT_OBJC_MSGSEND = YES;
				ENABLE_TESTABILITY = YES;
				GCC_C_LANGUAGE_STANDARD = gnu11;
				GCC_DYNAMIC_NO_PIC = NO;
				GCC_NO_COMMON_BLOCKS = YES;
				GCC_OPTIMIZATION_LEVEL = 0;
				GCC_PREPROCESSOR_DEFINITIONS = (
					"DEBUG=1",
					"$(inherited)",
				);
				GCC_WARN_64_TO_32_BIT_CONVERSION = YES;
				GCC_WARN_ABOUT_RETURN_TYPE = YES_ERROR;
				GCC_WARN_UNDECLARED_SELECTOR = YES;
				GCC_WARN_UNINITIALIZED_AUTOS = YES_AGGRESSIVE;
				GCC_WARN_UNUSED_FUNCTION = YES;
				GCC_WARN_UNUSED_VARIABLE = YES;
				IPHONEOS_DEPLOYMENT_TARGET = 12.0;
				MTL_ENABLE_DEBUG_INFO = YES;
				ONLY_ACTIVE_ARCH = YES;
				PROVISIONING_PROFILE = "";
				SDKROOT = iphoneos;
				SWIFT_ACTIVE_COMPILATION_CONDITIONS = DEBUG;
				SWIFT_OPTIMIZATION_LEVEL = "-Onone";
			};
			name = Debug;
		};
		1EB65DB61FED29E700E1B5A9 /* Release */ = {
			isa = XCBuildConfiguration;
			buildSettings = {
				ALWAYS_SEARCH_USER_PATHS = NO;
				CLANG_ANALYZER_LOCALIZABILITY_NONLOCALIZED = YES;
				CLANG_ANALYZER_NONNULL = YES;
				CLANG_ANALYZER_NUMBER_OBJECT_CONVERSION = YES_AGGRESSIVE;
				CLANG_CXX_LANGUAGE_STANDARD = "gnu++14";
				CLANG_CXX_LIBRARY = "libc++";
				CLANG_ENABLE_MODULES = YES;
				CLANG_ENABLE_OBJC_ARC = YES;
				CLANG_WARN_BLOCK_CAPTURE_AUTORELEASING = YES;
				CLANG_WARN_BOOL_CONVERSION = YES;
				CLANG_WARN_COMMA = YES;
				CLANG_WARN_CONSTANT_CONVERSION = YES;
				CLANG_WARN_DEPRECATED_OBJC_IMPLEMENTATIONS = YES;
				CLANG_WARN_DIRECT_OBJC_ISA_USAGE = YES_ERROR;
				CLANG_WARN_DOCUMENTATION_COMMENTS = YES;
				CLANG_WARN_EMPTY_BODY = YES;
				CLANG_WARN_ENUM_CONVERSION = YES;
				CLANG_WARN_INFINITE_RECURSION = YES;
				CLANG_WARN_INT_CONVERSION = YES;
				CLANG_WARN_NON_LITERAL_NULL_CONVERSION = YES;
				CLANG_WARN_OBJC_IMPLICIT_RETAIN_SELF = YES;
				CLANG_WARN_OBJC_LITERAL_CONVERSION = YES;
				CLANG_WARN_OBJC_ROOT_CLASS = YES_ERROR;
				CLANG_WARN_QUOTED_INCLUDE_IN_FRAMEWORK_HEADER = YES;
				CLANG_WARN_RANGE_LOOP_ANALYSIS = YES;
				CLANG_WARN_STRICT_PROTOTYPES = YES;
				CLANG_WARN_SUSPICIOUS_MOVE = YES;
				CLANG_WARN_UNGUARDED_AVAILABILITY = YES_AGGRESSIVE;
				CLANG_WARN_UNREACHABLE_CODE = YES;
				CLANG_WARN__DUPLICATE_METHOD_MATCH = YES;
				CODE_SIGN_IDENTITY = "iPhone Distribution";
				COPY_PHASE_STRIP = NO;
				DEBUG_INFORMATION_FORMAT = "dwarf-with-dsym";
				DEVELOPMENT_TEAM = 5MS33RVRLW;
				ENABLE_NS_ASSERTIONS = NO;
				ENABLE_STRICT_OBJC_MSGSEND = YES;
				GCC_C_LANGUAGE_STANDARD = gnu11;
				GCC_NO_COMMON_BLOCKS = YES;
				GCC_WARN_64_TO_32_BIT_CONVERSION = YES;
				GCC_WARN_ABOUT_RETURN_TYPE = YES_ERROR;
				GCC_WARN_UNDECLARED_SELECTOR = YES;
				GCC_WARN_UNINITIALIZED_AUTOS = YES_AGGRESSIVE;
				GCC_WARN_UNUSED_FUNCTION = YES;
				GCC_WARN_UNUSED_VARIABLE = YES;
				IPHONEOS_DEPLOYMENT_TARGET = 12.0;
				MTL_ENABLE_DEBUG_INFO = NO;
				PROVISIONING_PROFILE = "";
				SDKROOT = iphoneos;
				SWIFT_COMPILATION_MODE = wholemodule;
				SWIFT_OPTIMIZATION_LEVEL = "-O";
				VALIDATE_PRODUCT = YES;
			};
			name = Release;
		};
		1EB65DB81FED29E700E1B5A9 /* Debug */ = {
			isa = XCBuildConfiguration;
			baseConfigurationReference = 2A3BD1B129C7751A006983F2 /* ProjectEnvironment.debug.xcconfig */;
			buildSettings = {
				ASSETCATALOG_COMPILER_APPICON_NAME = AppIcon;
				CODE_SIGN_ENTITLEMENTS = PartiApp/PartiApp.entitlements;
				CODE_SIGN_IDENTITY = "";
				"CODE_SIGN_IDENTITY[sdk=iphoneos*]" = "iPhone Developer";
				CODE_SIGN_STYLE = Automatic;
				DEBUG_INFORMATION_FORMAT = "dwarf-with-dsym";
				DEVELOPMENT_TEAM = 5MS33RVRLW;
				EXCLUDED_ARCHS = "";
				INFOPLIST_FILE = PartiApp/Info.plist;
				IPHONEOS_DEPLOYMENT_TARGET = 12.0;
				LD_RUNPATH_SEARCH_PATHS = (
					"$(inherited)",
					"@executable_path/Frameworks",
				);
				PRODUCT_BUNDLE_IDENTIFIER = xyz.parti;
				PRODUCT_NAME = "$(TARGET_NAME)";
				PROVISIONING_PROFILE = "";
				PROVISIONING_PROFILE_SPECIFIER = "";
				SWIFT_OBJC_BRIDGING_HEADER = PartiApp/Bridge.h;
				SWIFT_VERSION = 4.0;
				TARGETED_DEVICE_FAMILY = 1;
			};
			name = Debug;
		};
		1EB65DB91FED29E700E1B5A9 /* Release */ = {
			isa = XCBuildConfiguration;
			baseConfigurationReference = 2A3BD1B129C7751A006983F2 /* ProjectEnvironment.debug.xcconfig */;
			buildSettings = {
				ASSETCATALOG_COMPILER_APPICON_NAME = AppIcon;
				CODE_SIGN_ENTITLEMENTS = PartiApp/PartiApp.entitlements;
				CODE_SIGN_IDENTITY = "Apple Development";
				"CODE_SIGN_IDENTITY[sdk=iphoneos*]" = "iPhone Developer";
				CODE_SIGN_STYLE = Automatic;
				DEVELOPMENT_TEAM = 5MS33RVRLW;
				EXCLUDED_ARCHS = "";
				INFOPLIST_FILE = PartiApp/Info.plist;
				IPHONEOS_DEPLOYMENT_TARGET = 12.0;
				LD_RUNPATH_SEARCH_PATHS = (
					"$(inherited)",
					"@executable_path/Frameworks",
				);
				PRODUCT_BUNDLE_IDENTIFIER = xyz.parti;
				PRODUCT_NAME = "$(TARGET_NAME)";
				PROVISIONING_PROFILE = "";
				PROVISIONING_PROFILE_SPECIFIER = "";
				SWIFT_OBJC_BRIDGING_HEADER = PartiApp/Bridge.h;
				SWIFT_VERSION = 4.0;
				TARGETED_DEVICE_FAMILY = 1;
			};
			name = Release;
		};
		9805A2022026CE6E0011DE88 /* Debug */ = {
			isa = XCBuildConfiguration;
			baseConfigurationReference = 2A3BD1B029C7751A006983F2 /* ProjectEnvironment.release.xcconfig */;
			buildSettings = {
				ASSETCATALOG_COMPILER_APPICON_NAME = AppIcon;
				CODE_SIGN_ENTITLEMENTS = PartiApp/PartiApp.entitlements;
				CODE_SIGN_IDENTITY = "";
				"CODE_SIGN_IDENTITY[sdk=iphoneos*]" = "iPhone Developer";
				CODE_SIGN_STYLE = Automatic;
				DEVELOPMENT_TEAM = 5MS33RVRLW;
				INFOPLIST_FILE = PartiApp/Info.plist;
				IPHONEOS_DEPLOYMENT_TARGET = 12.0;
				LD_RUNPATH_SEARCH_PATHS = (
					"$(inherited)",
					"@executable_path/Frameworks",
				);
				PRODUCT_BUNDLE_IDENTIFIER = xyz.parti;
				PRODUCT_NAME = Parti;
				PROVISIONING_PROFILE = "";
				PROVISIONING_PROFILE_SPECIFIER = "";
				SWIFT_OBJC_BRIDGING_HEADER = PartiApp/Bridge.h;
				SWIFT_VERSION = 4.0;
				TARGETED_DEVICE_FAMILY = 1;
			};
			name = Debug;
		};
		9805A2032026CE6E0011DE88 /* Release */ = {
			isa = XCBuildConfiguration;
			baseConfigurationReference = 2A3BD1B029C7751A006983F2 /* ProjectEnvironment.release.xcconfig */;
			buildSettings = {
				ASSETCATALOG_COMPILER_APPICON_NAME = AppIcon;
				CODE_SIGN_ENTITLEMENTS = PartiApp/PartiApp.entitlements;
				CODE_SIGN_IDENTITY = "Apple Development";
				"CODE_SIGN_IDENTITY[sdk=iphoneos*]" = "iPhone Developer";
				CODE_SIGN_STYLE = Automatic;
				DEVELOPMENT_TEAM = 5MS33RVRLW;
				INFOPLIST_FILE = PartiApp/Info.plist;
				IPHONEOS_DEPLOYMENT_TARGET = 12.0;
				LD_RUNPATH_SEARCH_PATHS = (
					"$(inherited)",
					"@executable_path/Frameworks",
				);
				ONLY_ACTIVE_ARCH = YES;
				PRODUCT_BUNDLE_IDENTIFIER = xyz.parti;
				PRODUCT_NAME = Parti;
				PROVISIONING_PROFILE = "";
				PROVISIONING_PROFILE_SPECIFIER = "";
				SWIFT_OBJC_BRIDGING_HEADER = PartiApp/Bridge.h;
				SWIFT_VERSION = 4.0;
				TARGETED_DEVICE_FAMILY = 1;
			};
			name = Release;
		};
		98EC627C2033DAE900A8BB4F /* Debug */ = {
			isa = XCBuildConfiguration;
			buildSettings = {
				CODE_SIGN_STYLE = Automatic;
				INFOPLIST_FILE = "PartiApp UITests/Info.plist";
				IPHONEOS_DEPLOYMENT_TARGET = 12.0;
				LD_RUNPATH_SEARCH_PATHS = (
					"$(inherited)",
					"@executable_path/Frameworks",
					"@loader_path/Frameworks",
				);
				PRODUCT_BUNDLE_IDENTIFIER = "xyz.parti.PartiApp-UITests";
				PRODUCT_NAME = "$(TARGET_NAME)";
				SWIFT_VERSION = 4.0;
				TARGETED_DEVICE_FAMILY = "1,2";
				TEST_TARGET_NAME = "PartiApp Debug";
			};
			name = Debug;
		};
		98EC627D2033DAE900A8BB4F /* Release */ = {
			isa = XCBuildConfiguration;
			buildSettings = {
				CODE_SIGN_IDENTITY = "iPhone Developer";
				CODE_SIGN_STYLE = Automatic;
				INFOPLIST_FILE = "PartiApp UITests/Info.plist";
				IPHONEOS_DEPLOYMENT_TARGET = 12.0;
				LD_RUNPATH_SEARCH_PATHS = (
					"$(inherited)",
					"@executable_path/Frameworks",
					"@loader_path/Frameworks",
				);
				PRODUCT_BUNDLE_IDENTIFIER = "xyz.parti.PartiApp-UITests";
				PRODUCT_NAME = "$(TARGET_NAME)";
				SWIFT_VERSION = 4.0;
				TARGETED_DEVICE_FAMILY = "1,2";
				TEST_TARGET_NAME = "PartiApp Debug";
			};
			name = Release;
		};
/* End XCBuildConfiguration section */

/* Begin XCConfigurationList section */
		1EB65DA01FED29E600E1B5A9 /* Build configuration list for PBXProject "PartiApp" */ = {
			isa = XCConfigurationList;
			buildConfigurations = (
				1EB65DB51FED29E700E1B5A9 /* Debug */,
				1EB65DB61FED29E700E1B5A9 /* Release */,
			);
			defaultConfigurationIsVisible = 0;
			defaultConfigurationName = Release;
		};
		1EB65DB71FED29E700E1B5A9 /* Build configuration list for PBXNativeTarget "PartiApp Debug" */ = {
			isa = XCConfigurationList;
			buildConfigurations = (
				1EB65DB81FED29E700E1B5A9 /* Debug */,
				1EB65DB91FED29E700E1B5A9 /* Release */,
			);
			defaultConfigurationIsVisible = 0;
			defaultConfigurationName = Release;
		};
		9805A2012026CE6E0011DE88 /* Build configuration list for PBXNativeTarget "PartiApp Release" */ = {
			isa = XCConfigurationList;
			buildConfigurations = (
				9805A2022026CE6E0011DE88 /* Debug */,
				9805A2032026CE6E0011DE88 /* Release */,
			);
			defaultConfigurationIsVisible = 0;
			defaultConfigurationName = Release;
		};
		98EC627E2033DAE900A8BB4F /* Build configuration list for PBXNativeTarget "PartiApp UITests" */ = {
			isa = XCConfigurationList;
			buildConfigurations = (
				98EC627C2033DAE900A8BB4F /* Debug */,
				98EC627D2033DAE900A8BB4F /* Release */,
			);
			defaultConfigurationIsVisible = 0;
			defaultConfigurationName = Release;
		};
/* End XCConfigurationList section */

/* Begin XCRemoteSwiftPackageReference section */
		2A3BD18429C57A86006983F2 /* XCRemoteSwiftPackageReference "MBProgressHUD" */ = {
			isa = XCRemoteSwiftPackageReference;
			repositoryURL = "https://github.com/jdg/MBProgressHUD.git";
			requirement = {
				kind = exactVersion;
				version = 1.2.0;
			};
		};
		2A3BD18F29C5973D006983F2 /* XCRemoteSwiftPackageReference "NVActivityIndicatorView" */ = {
			isa = XCRemoteSwiftPackageReference;
			repositoryURL = "https://github.com/ninjaprox/NVActivityIndicatorView.git";
			requirement = {
				kind = exactVersion;
				version = 5.1.1;
			};
		};
		2A3BD19429C5B468006983F2 /* XCRemoteSwiftPackageReference "facebook-ios-sdk" */ = {
			isa = XCRemoteSwiftPackageReference;
			repositoryURL = "https://github.com/facebook/facebook-ios-sdk";
			requirement = {
				kind = exactVersion;
				version = 16.0.0;
			};
		};
		2A3BD19F29C68B69006983F2 /* XCRemoteSwiftPackageReference "SwiftyBeaver" */ = {
			isa = XCRemoteSwiftPackageReference;
			repositoryURL = "https://github.com/SwiftyBeaver/SwiftyBeaver.git";
			requirement = {
				kind = exactVersion;
				version = 2.0.0;
			};
		};
		2A3BD1A629C77141006983F2 /* XCRemoteSwiftPackageReference "SimulatorStatusMagic" */ = {
			isa = XCRemoteSwiftPackageReference;
			repositoryURL = "https://github.com/shinydevelopment/SimulatorStatusMagic";
			requirement = {
				kind = exactVersion;
				version = 2.7.0;
			};
		};
		2A3BD1A929C77475006983F2 /* XCRemoteSwiftPackageReference "Natrium" */ = {
			isa = XCRemoteSwiftPackageReference;
			repositoryURL = "https://github.com/e-sites/Natrium.git";
			requirement = {
				kind = exactVersion;
				version = 8.3.0;
			};
		};
		2A54158329C578F10019DB8B /* XCRemoteSwiftPackageReference "Regex" */ = {
			isa = XCRemoteSwiftPackageReference;
			repositoryURL = "https://github.com/sindresorhus/Regex";
			requirement = {
				branch = main;
				kind = branch;
			};
		};
		2AE913AB29C778EE00A48377 /* XCRemoteSwiftPackageReference "firebase-ios-sdk" */ = {
			isa = XCRemoteSwiftPackageReference;
			repositoryURL = "https://github.com/firebase/firebase-ios-sdk.git";
			requirement = {
				kind = exactVersion;
				version = 10.6.0;
			};
		};
		2AE913B029C779D400A48377 /* XCRemoteSwiftPackageReference "GoogleSignIn-iOS" */ = {
			isa = XCRemoteSwiftPackageReference;
			repositoryURL = "https://github.com/google/GoogleSignIn-iOS.git";
			requirement = {
				kind = exactVersion;
				version = 7.0.0;
			};
		};
/* End XCRemoteSwiftPackageReference section */

/* Begin XCSwiftPackageProductDependency section */
		2A3BD18529C57A86006983F2 /* MBProgressHUD */ = {
			isa = XCSwiftPackageProductDependency;
			package = 2A3BD18429C57A86006983F2 /* XCRemoteSwiftPackageReference "MBProgressHUD" */;
			productName = MBProgressHUD;
		};
		2A3BD19029C5973D006983F2 /* NVActivityIndicatorView */ = {
			isa = XCSwiftPackageProductDependency;
			package = 2A3BD18F29C5973D006983F2 /* XCRemoteSwiftPackageReference "NVActivityIndicatorView" */;
			productName = NVActivityIndicatorView;
		};
		2A3BD19229C5973D006983F2 /* NVActivityIndicatorViewExtended */ = {
			isa = XCSwiftPackageProductDependency;
			package = 2A3BD18F29C5973D006983F2 /* XCRemoteSwiftPackageReference "NVActivityIndicatorView" */;
			productName = NVActivityIndicatorViewExtended;
		};
		2A3BD19529C5B468006983F2 /* FacebookBasics */ = {
			isa = XCSwiftPackageProductDependency;
			package = 2A3BD19429C5B468006983F2 /* XCRemoteSwiftPackageReference "facebook-ios-sdk" */;
			productName = FacebookBasics;
		};
		2A3BD19729C5B468006983F2 /* FacebookCore */ = {
			isa = XCSwiftPackageProductDependency;
			package = 2A3BD19429C5B468006983F2 /* XCRemoteSwiftPackageReference "facebook-ios-sdk" */;
			productName = FacebookCore;
		};
		2A3BD19929C5B468006983F2 /* FacebookLogin */ = {
			isa = XCSwiftPackageProductDependency;
			package = 2A3BD19429C5B468006983F2 /* XCRemoteSwiftPackageReference "facebook-ios-sdk" */;
			productName = FacebookLogin;
		};
		2A3BD1A029C68B69006983F2 /* SwiftyBeaver */ = {
			isa = XCSwiftPackageProductDependency;
			package = 2A3BD19F29C68B69006983F2 /* XCRemoteSwiftPackageReference "SwiftyBeaver" */;
			productName = SwiftyBeaver;
		};
		2A3BD1A729C77141006983F2 /* SimulatorStatusMagic */ = {
			isa = XCSwiftPackageProductDependency;
			package = 2A3BD1A629C77141006983F2 /* XCRemoteSwiftPackageReference "SimulatorStatusMagic" */;
			productName = SimulatorStatusMagic;
		};
		2A3BD1AA29C77475006983F2 /* Natrium */ = {
			isa = XCSwiftPackageProductDependency;
			package = 2A3BD1A929C77475006983F2 /* XCRemoteSwiftPackageReference "Natrium" */;
			productName = Natrium;
		};
		2A54158429C578F10019DB8B /* Regex */ = {
			isa = XCSwiftPackageProductDependency;
			package = 2A54158329C578F10019DB8B /* XCRemoteSwiftPackageReference "Regex" */;
			productName = Regex;
		};
		2AE913AC29C778EE00A48377 /* FirebaseCrashlytics */ = {
			isa = XCSwiftPackageProductDependency;
			package = 2AE913AB29C778EE00A48377 /* XCRemoteSwiftPackageReference "firebase-ios-sdk" */;
			productName = FirebaseCrashlytics;
		};
		2AE913AE29C778EE00A48377 /* FirebaseMessaging */ = {
			isa = XCSwiftPackageProductDependency;
			package = 2AE913AB29C778EE00A48377 /* XCRemoteSwiftPackageReference "firebase-ios-sdk" */;
			productName = FirebaseMessaging;
		};
		2AE913B129C779D400A48377 /* GoogleSignIn */ = {
			isa = XCSwiftPackageProductDependency;
			package = 2AE913B029C779D400A48377 /* XCRemoteSwiftPackageReference "GoogleSignIn-iOS" */;
			productName = GoogleSignIn;
		};
/* End XCSwiftPackageProductDependency section */
	};
	rootObject = 1EB65D9D1FED29E600E1B5A9 /* Project object */;
}
