PODS:
  - CrossroadRegex (1.1.0)
  - FBSDKCoreKit (5.15.1):
    - FBSDKCoreKit/Basics (= 5.15.1)
    - FBSDKCoreKit/Core (= 5.15.1)
  - FBSDKCoreKit/Basics (5.15.1)
  - FBSDKCoreKit/Core (5.15.1):
    - FBSDKCoreKit/Basics
  - FBSDKLoginKit (5.15.1):
    - FBSDKLoginKit/Login (= 5.15.1)
  - FBSDKLoginKit/Login (5.15.1):
    - FBSDKCoreKit (~> 5.0)
  - Firebase/CoreOnly (6.27.1):
    - FirebaseCore (= 6.8.1)
  - Firebase/Crashlytics (6.27.1):
    - Firebase/CoreOnly
    - FirebaseCrashlytics (~> 4.2.0)
  - Firebase/Messaging (6.27.1):
    - Firebase/CoreOnly
    - FirebaseMessaging (~> 4.5.0)
  - FirebaseCore (6.8.1):
    - FirebaseCoreDiagnostics (~> 1.3)
    - GoogleUtilities/Environment (~> 6.5)
    - GoogleUtilities/Logger (~> 6.5)
  - FirebaseCoreDiagnostics (1.4.0):
    - GoogleDataTransportCCTSupport (~> 3.1)
    - GoogleUtilities/Environment (~> 6.5)
    - GoogleUtilities/Logger (~> 6.5)
    - nanopb (~> 1.30905.0)
  - FirebaseCrashlytics (4.2.0):
    - FirebaseCore (~> 6.8)
    - FirebaseInstallations (~> 1.1)
    - GoogleDataTransport (~> 6.1)
    - GoogleDataTransportCCTSupport (~> 3.1)
    - nanopb (~> 1.30905.0)
    - PromisesObjC (~> 1.2)
  - FirebaseInstallations (1.5.0):
    - FirebaseCore (~> 6.8)
    - GoogleUtilities/Environment (~> 6.7)
    - GoogleUtilities/UserDefaults (~> 6.7)
    - PromisesObjC (~> 1.2)
  - FirebaseInstanceID (4.5.1):
    - FirebaseCore (~> 6.8)
    - FirebaseInstallations (~> 1.0)
    - GoogleUtilities/Environment (~> 6.7)
    - GoogleUtilities/UserDefaults (~> 6.7)
  - FirebaseMessaging (4.5.0):
    - FirebaseCore (~> 6.8)
    - FirebaseInstanceID (~> 4.3)
    - GoogleUtilities/AppDelegateSwizzler (~> 6.5)
    - GoogleUtilities/Environment (~> 6.5)
    - GoogleUtilities/Reachability (~> 6.5)
    - GoogleUtilities/UserDefaults (~> 6.5)
    - Protobuf (>= 3.9.2, ~> 3.9)
  - GoogleDataTransport (6.2.1)
  - GoogleDataTransportCCTSupport (3.2.0):
    - GoogleDataTransport (~> 6.1)
    - nanopb (~> 1.30905.0)
  - GoogleSignIn (4.1.2):
    - "GoogleToolboxForMac/NSDictionary+URLArguments (~> 2.1)"
    - "GoogleToolboxForMac/NSString+URLArguments (~> 2.1)"
    - GTMOAuth2 (~> 1.0)
    - GTMSessionFetcher/Core (~> 1.1)
  - GoogleToolboxForMac/DebugUtils (2.3.1):
    - GoogleToolboxForMac/Defines (= 2.3.1)
  - GoogleToolboxForMac/Defines (2.3.1)
  - "GoogleToolboxForMac/NSDictionary+URLArguments (2.3.1)":
    - GoogleToolboxForMac/DebugUtils (= 2.3.1)
    - GoogleToolboxForMac/Defines (= 2.3.1)
    - "GoogleToolboxForMac/NSString+URLArguments (= 2.3.1)"
  - "GoogleToolboxForMac/NSString+URLArguments (2.3.1)"
  - GoogleUtilities/AppDelegateSwizzler (6.7.2):
    - GoogleUtilities/Environment
    - GoogleUtilities/Logger
    - GoogleUtilities/Network
  - GoogleUtilities/Environment (6.7.2):
    - PromisesObjC (~> 1.2)
  - GoogleUtilities/Logger (6.7.2):
    - GoogleUtilities/Environment
  - GoogleUtilities/Network (6.7.2):
    - GoogleUtilities/Logger
    - "GoogleUtilities/NSData+zlib"
    - GoogleUtilities/Reachability
  - "GoogleUtilities/NSData+zlib (6.7.2)"
  - GoogleUtilities/Reachability (6.7.2):
    - GoogleUtilities/Logger
  - GoogleUtilities/UserDefaults (6.7.2):
    - GoogleUtilities/Logger
  - GTMOAuth2 (1.1.6):
    - GTMSessionFetcher (~> 1.1)
  - GTMSessionFetcher (1.5.0):
    - GTMSessionFetcher/Full (= 1.5.0)
  - GTMSessionFetcher/Core (1.5.0)
  - GTMSessionFetcher/Full (1.5.0):
    - GTMSessionFetcher/Core (= 1.5.0)
  - MBProgressHUD (1.1.0)
  - nanopb (1.30905.0):
    - nanopb/decode (= 1.30905.0)
    - nanopb/encode (= 1.30905.0)
  - nanopb/decode (1.30905.0)
  - nanopb/encode (1.30905.0)
  - Natrium (8.0.3)
  - NVActivityIndicatorView (4.1.1):
    - NVActivityIndicatorView/Presenter (= 4.1.1)
  - NVActivityIndicatorView/Presenter (4.1.1)
  - PromisesObjC (1.2.12)
  - Protobuf (3.14.0)
  - SimulatorStatusMagic (2.5)
  - SwiftyBeaver (1.5.2)
  - TMReachability (3.2)

DEPENDENCIES:
  - CrossroadRegex (~> 1.1.0)
  - FBSDKCoreKit (~> 5.15.1)
  - FBSDKLoginKit (~> 5.15.1)
  - Firebase/Crashlytics (~> 6.27.0)
  - Firebase/Messaging (~> 6.27.0)
  - GoogleSignIn (~> 4.1.2)
  - MBProgressHUD (~> 1.1.0)
  - Natrium (~> 8.0.0)
  - NVActivityIndicatorView (~> 4.1.1)
  - SimulatorStatusMagic
  - SwiftyBeaver (~> 1.5.1)
  - TMReachability (from `https://github.com/albertbori/Reachability`)

SPEC REPOS:
  trunk:
    - CrossroadRegex
    - FBSDKCoreKit
    - FBSDKLoginKit
    - Firebase
    - FirebaseCore
    - FirebaseCoreDiagnostics
    - FirebaseCrashlytics
    - FirebaseInstallations
    - FirebaseInstanceID
    - FirebaseMessaging
    - GoogleDataTransport
    - GoogleDataTransportCCTSupport
    - GoogleSignIn
    - GoogleToolboxForMac
    - GoogleUtilities
    - GTMOAuth2
    - GTMSessionFetcher
    - MBProgressHUD
    - nanopb
    - Natrium
    - NVActivityIndicatorView
    - PromisesObjC
    - Protobuf
    - SimulatorStatusMagic
    - SwiftyBeaver

EXTERNAL SOURCES:
  TMReachability:
    :git: https://github.com/albertbori/Reachability

CHECKOUT OPTIONS:
  TMReachability:
    :commit: e34782b386307e386348b481c02c176d58ba45e6
    :git: https://github.com/albertbori/Reachability

SPEC CHECKSUMS:
  CrossroadRegex: 5eaadb3f7b4014728f1cbd1014756b126c1dbd9a
  FBSDKCoreKit: 1d5acf7c9d7a2f92bb1a242dc60cae5b7adb91df
  FBSDKLoginKit: f1ea8026a58b52d30c9f2e6a58ca7d813619fb83
  Firebase: 919186c8e119dd9372a45fd1dd17a8a942bc1892
  FirebaseCore: 8cd4f8ea22075e0ee582849b1cf79d8816506085
  FirebaseCoreDiagnostics: 4505e4d4009b1d93f605088ee7d7764d5f0d1c84
  FirebaseCrashlytics: 7d0fa02ea8842cc4b2ab07b0735edafde1ad77d6
  FirebaseInstallations: 3c520c951305cbf9ca54eb891ff9e6d1fd384881
  FirebaseInstanceID: c4ad474b87787afd27d09541800620993b457d6f
  FirebaseMessaging: ad9e1a80ea64905e01a0ce1b3eb76a2944544151
  GoogleDataTransport: 9a8a16f79feffc7f42096743de2a7c4815e84020
  GoogleDataTransportCCTSupport: 489c1265d2c85b68187a83a911913d190012158d
  GoogleSignIn: d9ef55b10f0aa401a5de2747f59b725e4b9732ac
  GoogleToolboxForMac: 471e0c05d39506e50e6398f46fa9a12ae0efeff9
  GoogleUtilities: 7f2f5a07f888cdb145101d6042bc4422f57e70b3
  GTMOAuth2: e8b6512c896235149df975c41d9a36c868ab7fba
  GTMSessionFetcher: b3503b20a988c4e20cc189aa798fd18220133f52
  MBProgressHUD: e7baa36a220447d8aeb12769bf0585582f3866d9
  nanopb: c43f40fadfe79e8b8db116583945847910cbabc9
  Natrium: b95da611f5f20932685e401c87a18317d84c42da
  NVActivityIndicatorView: 60109b9bf46efc2e71ab81453196ccdfdfeea870
  PromisesObjC: 3113f7f76903778cf4a0586bd1ab89329a0b7b97
  Protobuf: 0cde852566359049847168e51bd1c690e0f70056
  SimulatorStatusMagic: 71cfcea1df017e8f0fa8e48bc182d86976376f84
  SwiftyBeaver: 85daaaa2b3ae6e31b7b55c99430e8b91dac088af
  TMReachability: 48c99d728a8b0ad4493800592484b8cbb65c896c

PODFILE CHECKSUM: 7759c8f0bac7339fcb48d447d499968e3e81d96e

COCOAPODS: 1.10.1
